
Microsoft Visual Studio Solution File, Format Version 12.00
# Visual Studio 15
Project("{FAE04EC0-301F-11D3-BF4B-00C04F79EFBC}") = "VuforiaScripts", "VuforiaScripts.csproj", "{266D1A84-279B-FFAA-44BF-0EF2ECAD5245}"
EndProject
Project("{FAE04EC0-301F-11D3-BF4B-00C04F79EFBC}") = "Assembly-CSharp", "Assembly-CSharp.csproj", "{BFF2CF26-DA7E-34AF-E7DB-A00644A5BA2B}"
EndProject
Project("{FAE04EC0-301F-11D3-BF4B-00C04F79EFBC}") = "VuforiaEditorScripts", "VuforiaEditorScripts.csproj", "{A29BD785-9BDE-72D5-4AD8-5241A53C02CE}"
EndProject
Global
	GlobalSection(SolutionConfigurationPlatforms) = preSolution
		Debug|Any CPU = Debug|Any CPU
		Release|Any CPU = Release|Any CPU
	EndGlobalSection
	GlobalSection(ProjectConfigurationPlatforms) = postSolution
		{266D1A84-279B-FFAA-44BF-0EF2ECAD5245}.Debug|Any CPU.ActiveCfg = Debug|Any CPU
		{266D1A84-279B-FFAA-44BF-0EF2ECAD5245}.Debug|Any CPU.Build.0 = Debug|Any CPU
		{266D1A84-279B-FFAA-44BF-0EF2ECAD5245}.Release|Any CPU.ActiveCfg = Release|Any CPU
		{266D1A84-279B-FFAA-44BF-0EF2ECAD5245}.Release|Any CPU.Build.0 = Release|Any CPU
		{BFF2CF26-DA7E-34AF-E7DB-A00644A5BA2B}.Debug|Any CPU.ActiveCfg = Debug|Any CPU
		{BFF2CF26-DA7E-34AF-E7DB-A00644A5BA2B}.Debug|Any CPU.Build.0 = Debug|Any CPU
		{BFF2CF26-DA7E-34AF-E7DB-A00644A5BA2B}.Release|Any CPU.ActiveCfg = Release|Any CPU
		{BFF2CF26-DA7E-34AF-E7DB-A00644A5BA2B}.Release|Any CPU.Build.0 = Release|Any CPU
		{A29BD785-9BDE-72D5-4AD8-5241A53C02CE}.Debug|Any CPU.ActiveCfg = Debug|Any CPU
		{A29BD785-9BDE-72D5-4AD8-5241A53C02CE}.Debug|Any CPU.Build.0 = Debug|Any CPU
		{A29BD785-9BDE-72D5-4AD8-5241A53C02CE}.Release|Any CPU.ActiveCfg = Release|Any CPU
		{A29BD785-9BDE-72D5-4AD8-5241A53C02CE}.Release|Any CPU.Build.0 = Release|Any CPU
	EndGlobalSection
	GlobalSection(SolutionProperties) = preSolution
		HideSolutionNode = FALSE
	EndGlobalSection
EndGlobal
